// !$*UTF8*$!
{
	archiveVersion = 1;
	classes = {
	};
	objectVersion = 46;
	objects = {

/* Begin PBXBuildFile section */
		5641C68D282B4F7C8E987DB7 /* libPods.a in Frameworks */ = {isa = PBXBuildFile; fileRef = 7C65A889641443929FA2D0A6 /* libPods.a */; };
		D8941B57AA6B462F808362B6 /* libPods-AMYServer Tests.a in Frameworks */ = {isa = PBXBuildFile; fileRef = 2CFA695D96E74AD0B14ECB01 /* libPods-AMYServer Tests.a */; };
		EB1D09D417AA2E7B003D3333 /* invalid-header.tail in Resources */ = {isa = PBXBuildFile; fileRef = EB3F654317A9E5DC00469D18 /* invalid-header.tail */; };
		EB23AA7317AB61F1002B6399 /* AMYMocktailResponseTests.m in Sources */ = {isa = PBXBuildFile; fileRef = EB23AA7217AB61F1002B6399 /* AMYMocktailResponseTests.m */; };
		EB23AA7517AB6229002B6399 /* xml.tail in Resources */ = {isa = PBXBuildFile; fileRef = EB23AA7417AB6229002B6399 /* xml.tail */; };
		EB23AA7717AB62D9002B6399 /* xml.tail.defaults.json in Resources */ = {isa = PBXBuildFile; fileRef = EB23AA7617AB62D9002B6399 /* xml.tail.defaults.json */; };
		EB283E3B17A6317000883DEC /* _AMYMocktailResponse.m in Sources */ = {isa = PBXBuildFile; fileRef = EB283E3A17A6317000883DEC /* _AMYMocktailResponse.m */; };
		EB283E3C17A6317000883DEC /* _AMYMocktailResponse.m in Sources */ = {isa = PBXBuildFile; fileRef = EB283E3A17A6317000883DEC /* _AMYMocktailResponse.m */; };
		EB3F653A17A9B10B00469D18 /* successful-login.tail.defaults.json in Resources */ = {isa = PBXBuildFile; fileRef = EB3F653917A9AFD700469D18 /* successful-login.tail.defaults.json */; };
		EB3F653C17A9B16200469D18 /* bad-mustache.tail in Resources */ = {isa = PBXBuildFile; fileRef = EB3F653B17A9B16200469D18 /* bad-mustache.tail */; };
		EB3F653E17A9E4AE00469D18 /* not-enough-lines.tail in Resources */ = {isa = PBXBuildFile; fileRef = EB3F653D17A9E4AE00469D18 /* not-enough-lines.tail */; };
		EB3F654017A9E4D400469D18 /* bad-json.tail in Resources */ = {isa = PBXBuildFile; fileRef = EB3F653F17A9E4D400469D18 /* bad-json.tail */; };
		EB3F654217A9E4E300469D18 /* bad-json.tail.defaults.json in Resources */ = {isa = PBXBuildFile; fileRef = EB3F654117A9E4E300469D18 /* bad-json.tail.defaults.json */; };
		EB9713EA17961CD20005E31E /* Foundation.framework in Frameworks */ = {isa = PBXBuildFile; fileRef = EB9713E917961CD20005E31E /* Foundation.framework */; };
		EB9713EF17961CD20005E31E /* AMYServer.h in CopyFiles */ = {isa = PBXBuildFile; fileRef = EB9713EE17961CD20005E31E /* AMYServer.h */; };
		EB9713F117961CD20005E31E /* AMYServer.m in Sources */ = {isa = PBXBuildFile; fileRef = EB9713F017961CD20005E31E /* AMYServer.m */; };
		EB9713FD179657410005E31E /* UIKit.framework in Frameworks */ = {isa = PBXBuildFile; fileRef = EB9713FC179657410005E31E /* UIKit.framework */; };
		EB9713FE179657410005E31E /* Foundation.framework in Frameworks */ = {isa = PBXBuildFile; fileRef = EB9713E917961CD20005E31E /* Foundation.framework */; };
		EB971400179657410005E31E /* CoreGraphics.framework in Frameworks */ = {isa = PBXBuildFile; fileRef = EB9713FF179657410005E31E /* CoreGraphics.framework */; };
		EB971406179657410005E31E /* InfoPlist.strings in Resources */ = {isa = PBXBuildFile; fileRef = EB971404179657410005E31E /* InfoPlist.strings */; };
		EB971408179657410005E31E /* main.m in Sources */ = {isa = PBXBuildFile; fileRef = EB971407179657410005E31E /* main.m */; };
		EB97140C179657410005E31E /* AppDelegate.m in Sources */ = {isa = PBXBuildFile; fileRef = EB97140B179657410005E31E /* AppDelegate.m */; };
		EB97140E179657410005E31E /* Default.png in Resources */ = {isa = PBXBuildFile; fileRef = EB97140D179657410005E31E /* Default.png */; };
		EB971410179657410005E31E /* Default@2x.png in Resources */ = {isa = PBXBuildFile; fileRef = EB97140F179657410005E31E /* Default@2x.png */; };
		EB971412179657410005E31E /* Default-568h@2x.png in Resources */ = {isa = PBXBuildFile; fileRef = EB971411179657410005E31E /* Default-568h@2x.png */; };
		EB971415179657410005E31E /* MainStoryboard.storyboard in Resources */ = {isa = PBXBuildFile; fileRef = EB971413179657410005E31E /* MainStoryboard.storyboard */; };
		EB971418179657410005E31E /* ViewController.m in Sources */ = {isa = PBXBuildFile; fileRef = EB971417179657410005E31E /* ViewController.m */; };
		EB971423179657770005E31E /* SenTestingKit.framework in Frameworks */ = {isa = PBXBuildFile; fileRef = EB971422179657770005E31E /* SenTestingKit.framework */; };
		EB971424179657770005E31E /* UIKit.framework in Frameworks */ = {isa = PBXBuildFile; fileRef = EB9713FC179657410005E31E /* UIKit.framework */; };
		EB971425179657770005E31E /* Foundation.framework in Frameworks */ = {isa = PBXBuildFile; fileRef = EB9713E917961CD20005E31E /* Foundation.framework */; };
		EB97142B179657770005E31E /* InfoPlist.strings in Resources */ = {isa = PBXBuildFile; fileRef = EB971429179657770005E31E /* InfoPlist.strings */; };
		EB97143717965CC70005E31E /* AMYRequest.m in Sources */ = {isa = PBXBuildFile; fileRef = EB97143617965CC70005E31E /* AMYRequest.m */; };
		EB97143A179660B10005E31E /* _AMYURLProtocol.m in Sources */ = {isa = PBXBuildFile; fileRef = EB971439179660B10005E31E /* _AMYURLProtocol.m */; };
		EB97143D17966E740005E31E /* AMYServerTests.m in Sources */ = {isa = PBXBuildFile; fileRef = EB97143C17966E740005E31E /* AMYServerTests.m */; };
		EB97143F1796706D0005E31E /* AMYServer.m in Sources */ = {isa = PBXBuildFile; fileRef = EB9713F017961CD20005E31E /* AMYServer.m */; };
		EB9714401796706D0005E31E /* AMYRequest.m in Sources */ = {isa = PBXBuildFile; fileRef = EB97143617965CC70005E31E /* AMYRequest.m */; };
		EB9714411796706D0005E31E /* _AMYURLProtocol.m in Sources */ = {isa = PBXBuildFile; fileRef = EB971439179660B10005E31E /* _AMYURLProtocol.m */; };
		EB971444179BAD210005E31E /* ExampleServer.m in Sources */ = {isa = PBXBuildFile; fileRef = EB971443179BAD210005E31E /* ExampleServer.m */; };
		EBAE488417A46C680005EE19 /* successful-login.tail in Resources */ = {isa = PBXBuildFile; fileRef = EBAE488317A46C680005EE19 /* successful-login.tail */; };
/* End PBXBuildFile section */

/* Begin PBXContainerItemProxy section */
		EB971433179658250005E31E /* PBXContainerItemProxy */ = {
			isa = PBXContainerItemProxy;
			containerPortal = EB9713DE17961CD20005E31E /* Project object */;
			proxyType = 1;
			remoteGlobalIDString = EB9713FA179657410005E31E;
			remoteInfo = "Test Host";
		};
/* End PBXContainerItemProxy section */

/* Begin PBXCopyFilesBuildPhase section */
		EB9713E417961CD20005E31E /* CopyFiles */ = {
			isa = PBXCopyFilesBuildPhase;
			buildActionMask = 2147483647;
			dstPath = "include/${PRODUCT_NAME}";
			dstSubfolderSpec = 16;
			files = (
				EB9713EF17961CD20005E31E /* AMYServer.h in CopyFiles */,
			);
			runOnlyForDeploymentPostprocessing = 0;
		};
/* End PBXCopyFilesBuildPhase section */

/* Begin PBXFileReference section */
		11F29E78EBF54D7DB567C2F0 /* Pods-AMYServer Tests.xcconfig */ = {isa = PBXFileReference; includeInIndex = 1; lastKnownFileType = text.xcconfig; name = "Pods-AMYServer Tests.xcconfig"; path = "Pods/Pods-AMYServer Tests.xcconfig"; sourceTree = SOURCE_ROOT; };
		2CFA695D96E74AD0B14ECB01 /* libPods-AMYServer Tests.a */ = {isa = PBXFileReference; explicitFileType = archive.ar; includeInIndex = 0; path = "libPods-AMYServer Tests.a"; sourceTree = BUILT_PRODUCTS_DIR; };
		660DAD8CDF4041B6ADB992C7 /* Pods.xcconfig */ = {isa = PBXFileReference; includeInIndex = 1; lastKnownFileType = text.xcconfig; name = Pods.xcconfig; path = Pods/Pods.xcconfig; sourceTree = SOURCE_ROOT; };
		7C65A889641443929FA2D0A6 /* libPods.a */ = {isa = PBXFileReference; explicitFileType = archive.ar; includeInIndex = 0; path = libPods.a; sourceTree = BUILT_PRODUCTS_DIR; };
		EB23AA7217AB61F1002B6399 /* AMYMocktailResponseTests.m */ = {isa = PBXFileReference; fileEncoding = 4; lastKnownFileType = sourcecode.c.objc; path = AMYMocktailResponseTests.m; sourceTree = "<group>"; };
		EB23AA7417AB6229002B6399 /* xml.tail */ = {isa = PBXFileReference; fileEncoding = 4; lastKnownFileType = text; path = xml.tail; sourceTree = "<group>"; };
		EB23AA7617AB62D9002B6399 /* xml.tail.defaults.json */ = {isa = PBXFileReference; fileEncoding = 4; lastKnownFileType = text.json; path = xml.tail.defaults.json; sourceTree = "<group>"; };
		EB283E3917A6317000883DEC /* _AMYMocktailResponse.h */ = {isa = PBXFileReference; fileEncoding = 4; lastKnownFileType = sourcecode.c.h; path = _AMYMocktailResponse.h; sourceTree = "<group>"; };
		EB283E3A17A6317000883DEC /* _AMYMocktailResponse.m */ = {isa = PBXFileReference; fileEncoding = 4; lastKnownFileType = sourcecode.c.objc; path = _AMYMocktailResponse.m; sourceTree = "<group>"; };
		EB3F653917A9AFD700469D18 /* successful-login.tail.defaults.json */ = {isa = PBXFileReference; lastKnownFileType = text.json; path = "successful-login.tail.defaults.json"; sourceTree = "<group>"; };
		EB3F653B17A9B16200469D18 /* bad-mustache.tail */ = {isa = PBXFileReference; fileEncoding = 4; lastKnownFileType = text; path = "bad-mustache.tail"; sourceTree = "<group>"; };
		EB3F653D17A9E4AE00469D18 /* not-enough-lines.tail */ = {isa = PBXFileReference; fileEncoding = 4; lastKnownFileType = text; path = "not-enough-lines.tail"; sourceTree = "<group>"; };
		EB3F653F17A9E4D400469D18 /* bad-json.tail */ = {isa = PBXFileReference; fileEncoding = 4; lastKnownFileType = text; path = "bad-json.tail"; sourceTree = "<group>"; };
		EB3F654117A9E4E300469D18 /* bad-json.tail.defaults.json */ = {isa = PBXFileReference; fileEncoding = 4; lastKnownFileType = text.json; path = "bad-json.tail.defaults.json"; sourceTree = "<group>"; };
		EB3F654317A9E5DC00469D18 /* invalid-header.tail */ = {isa = PBXFileReference; lastKnownFileType = text; path = "invalid-header.tail"; sourceTree = "<group>"; };
		EB9713E617961CD20005E31E /* libAMYServer.a */ = {isa = PBXFileReference; explicitFileType = archive.ar; includeInIndex = 0; path = libAMYServer.a; sourceTree = BUILT_PRODUCTS_DIR; };
		EB9713E917961CD20005E31E /* Foundation.framework */ = {isa = PBXFileReference; lastKnownFileType = wrapper.framework; name = Foundation.framework; path = System/Library/Frameworks/Foundation.framework; sourceTree = SDKROOT; };
		EB9713ED17961CD20005E31E /* AMYServer-Prefix.pch */ = {isa = PBXFileReference; lastKnownFileType = sourcecode.c.h; path = "AMYServer-Prefix.pch"; sourceTree = "<group>"; };
		EB9713EE17961CD20005E31E /* AMYServer.h */ = {isa = PBXFileReference; lastKnownFileType = sourcecode.c.h; path = AMYServer.h; sourceTree = "<group>"; };
		EB9713F017961CD20005E31E /* AMYServer.m */ = {isa = PBXFileReference; lastKnownFileType = sourcecode.c.objc; path = AMYServer.m; sourceTree = "<group>"; };
		EB9713FB179657410005E31E /* Test Host.app */ = {isa = PBXFileReference; explicitFileType = wrapper.application; includeInIndex = 0; path = "Test Host.app"; sourceTree = BUILT_PRODUCTS_DIR; };
		EB9713FC179657410005E31E /* UIKit.framework */ = {isa = PBXFileReference; lastKnownFileType = wrapper.framework; name = UIKit.framework; path = System/Library/Frameworks/UIKit.framework; sourceTree = SDKROOT; };
		EB9713FF179657410005E31E /* CoreGraphics.framework */ = {isa = PBXFileReference; lastKnownFileType = wrapper.framework; name = CoreGraphics.framework; path = System/Library/Frameworks/CoreGraphics.framework; sourceTree = SDKROOT; };
		EB971403179657410005E31E /* Test Host-Info.plist */ = {isa = PBXFileReference; lastKnownFileType = text.plist.xml; path = "Test Host-Info.plist"; sourceTree = "<group>"; };
		EB971405179657410005E31E /* en */ = {isa = PBXFileReference; lastKnownFileType = text.plist.strings; name = en; path = en.lproj/InfoPlist.strings; sourceTree = "<group>"; };
		EB971407179657410005E31E /* main.m */ = {isa = PBXFileReference; lastKnownFileType = sourcecode.c.objc; path = main.m; sourceTree = "<group>"; };
		EB971409179657410005E31E /* Test Host-Prefix.pch */ = {isa = PBXFileReference; lastKnownFileType = sourcecode.c.h; path = "Test Host-Prefix.pch"; sourceTree = "<group>"; };
		EB97140A179657410005E31E /* AppDelegate.h */ = {isa = PBXFileReference; lastKnownFileType = sourcecode.c.h; path = AppDelegate.h; sourceTree = "<group>"; };
		EB97140B179657410005E31E /* AppDelegate.m */ = {isa = PBXFileReference; lastKnownFileType = sourcecode.c.objc; path = AppDelegate.m; sourceTree = "<group>"; };
		EB97140D179657410005E31E /* Default.png */ = {isa = PBXFileReference; lastKnownFileType = image.png; path = Default.png; sourceTree = "<group>"; };
		EB97140F179657410005E31E /* Default@2x.png */ = {isa = PBXFileReference; lastKnownFileType = image.png; path = "Default@2x.png"; sourceTree = "<group>"; };
		EB971411179657410005E31E /* Default-568h@2x.png */ = {isa = PBXFileReference; lastKnownFileType = image.png; path = "Default-568h@2x.png"; sourceTree = "<group>"; };
		EB971414179657410005E31E /* en */ = {isa = PBXFileReference; lastKnownFileType = file.storyboard; name = en; path = en.lproj/MainStoryboard.storyboard; sourceTree = "<group>"; };
		EB971416179657410005E31E /* ViewController.h */ = {isa = PBXFileReference; lastKnownFileType = sourcecode.c.h; path = ViewController.h; sourceTree = "<group>"; };
		EB971417179657410005E31E /* ViewController.m */ = {isa = PBXFileReference; lastKnownFileType = sourcecode.c.objc; path = ViewController.m; sourceTree = "<group>"; };
		EB971421179657770005E31E /* AMYServer Tests.xctest */ = {isa = PBXFileReference; explicitFileType = wrapper.cfbundle; includeInIndex = 0; path = "AMYServer Tests.xctest"; sourceTree = BUILT_PRODUCTS_DIR; };
		EB971422179657770005E31E /* SenTestingKit.framework */ = {isa = PBXFileReference; lastKnownFileType = wrapper.framework; name = SenTestingKit.framework; path = Library/Frameworks/SenTestingKit.framework; sourceTree = DEVELOPER_DIR; };
		EB971428179657770005E31E /* AMYServer Tests-Info.plist */ = {isa = PBXFileReference; lastKnownFileType = text.plist.xml; path = "AMYServer Tests-Info.plist"; sourceTree = "<group>"; };
		EB97142A179657770005E31E /* en */ = {isa = PBXFileReference; lastKnownFileType = text.plist.strings; name = en; path = en.lproj/InfoPlist.strings; sourceTree = "<group>"; };
		EB97142F179657770005E31E /* AMYServer Tests-Prefix.pch */ = {isa = PBXFileReference; lastKnownFileType = sourcecode.c.h; path = "AMYServer Tests-Prefix.pch"; sourceTree = "<group>"; };
		EB97143517965CC70005E31E /* AMYRequest.h */ = {isa = PBXFileReference; fileEncoding = 4; lastKnownFileType = sourcecode.c.h; path = AMYRequest.h; sourceTree = "<group>"; };
		EB97143617965CC70005E31E /* AMYRequest.m */ = {isa = PBXFileReference; fileEncoding = 4; lastKnownFileType = sourcecode.c.objc; path = AMYRequest.m; sourceTree = "<group>"; };
		EB971438179660B10005E31E /* _AMYURLProtocol.h */ = {isa = PBXFileReference; fileEncoding = 4; lastKnownFileType = sourcecode.c.h; path = _AMYURLProtocol.h; sourceTree = "<group>"; };
		EB971439179660B10005E31E /* _AMYURLProtocol.m */ = {isa = PBXFileReference; fileEncoding = 4; lastKnownFileType = sourcecode.c.objc; path = _AMYURLProtocol.m; sourceTree = "<group>"; };
		EB97143C17966E740005E31E /* AMYServerTests.m */ = {isa = PBXFileReference; fileEncoding = 4; lastKnownFileType = sourcecode.c.objc; path = AMYServerTests.m; sourceTree = "<group>"; };
		EB971442179BAD210005E31E /* ExampleServer.h */ = {isa = PBXFileReference; fileEncoding = 4; lastKnownFileType = sourcecode.c.h; path = ExampleServer.h; sourceTree = "<group>"; };
		EB971443179BAD210005E31E /* ExampleServer.m */ = {isa = PBXFileReference; fileEncoding = 4; lastKnownFileType = sourcecode.c.objc; path = ExampleServer.m; sourceTree = "<group>"; };
		EBAE488317A46C680005EE19 /* successful-login.tail */ = {isa = PBXFileReference; fileEncoding = 4; lastKnownFileType = text; path = "successful-login.tail"; sourceTree = "<group>"; };
/* End PBXFileReference section */

/* Begin PBXFrameworksBuildPhase section */
		EB9713E317961CD20005E31E /* Frameworks */ = {
			isa = PBXFrameworksBuildPhase;
			buildActionMask = 2147483647;
			files = (
				EB9713EA17961CD20005E31E /* Foundation.framework in Frameworks */,
				5641C68D282B4F7C8E987DB7 /* libPods.a in Frameworks */,
			);
			runOnlyForDeploymentPostprocessing = 0;
		};
		EB9713F8179657410005E31E /* Frameworks */ = {
			isa = PBXFrameworksBuildPhase;
			buildActionMask = 2147483647;
			files = (
				EB9713FD179657410005E31E /* UIKit.framework in Frameworks */,
				EB9713FE179657410005E31E /* Foundation.framework in Frameworks */,
				EB971400179657410005E31E /* CoreGraphics.framework in Frameworks */,
			);
			runOnlyForDeploymentPostprocessing = 0;
		};
		EB97141D179657770005E31E /* Frameworks */ = {
			isa = PBXFrameworksBuildPhase;
			buildActionMask = 2147483647;
			files = (
				EB971423179657770005E31E /* SenTestingKit.framework in Frameworks */,
				EB971424179657770005E31E /* UIKit.framework in Frameworks */,
				EB971425179657770005E31E /* Foundation.framework in Frameworks */,
				D8941B57AA6B462F808362B6 /* libPods-AMYServer Tests.a in Frameworks */,
			);
			runOnlyForDeploymentPostprocessing = 0;
		};
/* End PBXFrameworksBuildPhase section */

/* Begin PBXGroup section */
		EB9713DD17961CD20005E31E = {
			isa = PBXGroup;
			children = (
				EB9713EB17961CD20005E31E /* AMYServer */,
				EB971401179657410005E31E /* Test Host */,
				EB971426179657770005E31E /* AMYServer Tests */,
				EB9713E817961CD20005E31E /* Frameworks */,
				EB9713E717961CD20005E31E /* Products */,
				660DAD8CDF4041B6ADB992C7 /* Pods.xcconfig */,
				11F29E78EBF54D7DB567C2F0 /* Pods-AMYServer Tests.xcconfig */,
			);
			sourceTree = "<group>";
		};
		EB9713E717961CD20005E31E /* Products */ = {
			isa = PBXGroup;
			children = (
				EB9713E617961CD20005E31E /* libAMYServer.a */,
				EB9713FB179657410005E31E /* Test Host.app */,
				EB971421179657770005E31E /* AMYServer Tests.xctest */,
			);
			name = Products;
			sourceTree = "<group>";
		};
		EB9713E817961CD20005E31E /* Frameworks */ = {
			isa = PBXGroup;
			children = (
				EB9713E917961CD20005E31E /* Foundation.framework */,
				EB9713FC179657410005E31E /* UIKit.framework */,
				EB9713FF179657410005E31E /* CoreGraphics.framework */,
				EB971422179657770005E31E /* SenTestingKit.framework */,
				7C65A889641443929FA2D0A6 /* libPods.a */,
				2CFA695D96E74AD0B14ECB01 /* libPods-AMYServer Tests.a */,
			);
			name = Frameworks;
			sourceTree = "<group>";
		};
		EB9713EB17961CD20005E31E /* AMYServer */ = {
			isa = PBXGroup;
			children = (
				EB9713EE17961CD20005E31E /* AMYServer.h */,
				EB9713F017961CD20005E31E /* AMYServer.m */,
				EB97143517965CC70005E31E /* AMYRequest.h */,
				EB97143617965CC70005E31E /* AMYRequest.m */,
				EB971438179660B10005E31E /* _AMYURLProtocol.h */,
				EB971439179660B10005E31E /* _AMYURLProtocol.m */,
				EB283E3917A6317000883DEC /* _AMYMocktailResponse.h */,
				EB283E3A17A6317000883DEC /* _AMYMocktailResponse.m */,
				EB9713EC17961CD20005E31E /* Supporting Files */,
			);
			path = AMYServer;
			sourceTree = "<group>";
		};
		EB9713EC17961CD20005E31E /* Supporting Files */ = {
			isa = PBXGroup;
			children = (
				EB9713ED17961CD20005E31E /* AMYServer-Prefix.pch */,
			);
			name = "Supporting Files";
			sourceTree = "<group>";
		};
		EB971401179657410005E31E /* Test Host */ = {
			isa = PBXGroup;
			children = (
				EB97140A179657410005E31E /* AppDelegate.h */,
				EB97140B179657410005E31E /* AppDelegate.m */,
				EB971413179657410005E31E /* MainStoryboard.storyboard */,
				EB971416179657410005E31E /* ViewController.h */,
				EB971417179657410005E31E /* ViewController.m */,
				EB971402179657410005E31E /* Supporting Files */,
			);
			path = "Test Host";
			sourceTree = "<group>";
		};
		EB971402179657410005E31E /* Supporting Files */ = {
			isa = PBXGroup;
			children = (
				EB971403179657410005E31E /* Test Host-Info.plist */,
				EB971404179657410005E31E /* InfoPlist.strings */,
				EB971407179657410005E31E /* main.m */,
				EB971409179657410005E31E /* Test Host-Prefix.pch */,
				EB97140D179657410005E31E /* Default.png */,
				EB97140F179657410005E31E /* Default@2x.png */,
				EB971411179657410005E31E /* Default-568h@2x.png */,
			);
			name = "Supporting Files";
			sourceTree = "<group>";
		};
		EB971426179657770005E31E /* AMYServer Tests */ = {
			isa = PBXGroup;
			children = (
				EB971427179657770005E31E /* Supporting Files */,
				EB971442179BAD210005E31E /* ExampleServer.h */,
				EB971443179BAD210005E31E /* ExampleServer.m */,
				EB97143C17966E740005E31E /* AMYServerTests.m */,
				EB23AA7217AB61F1002B6399 /* AMYMocktailResponseTests.m */,
				EBAE488317A46C680005EE19 /* successful-login.tail */,
				EB3F653917A9AFD700469D18 /* successful-login.tail.defaults.json */,
				EB3F653B17A9B16200469D18 /* bad-mustache.tail */,
				EB3F653D17A9E4AE00469D18 /* not-enough-lines.tail */,
				EB3F654317A9E5DC00469D18 /* invalid-header.tail */,
				EB3F653F17A9E4D400469D18 /* bad-json.tail */,
				EB3F654117A9E4E300469D18 /* bad-json.tail.defaults.json */,
				EB23AA7417AB6229002B6399 /* xml.tail */,
				EB23AA7617AB62D9002B6399 /* xml.tail.defaults.json */,
			);
			path = "AMYServer Tests";
			sourceTree = "<group>";
		};
		EB971427179657770005E31E /* Supporting Files */ = {
			isa = PBXGroup;
			children = (
				EB971428179657770005E31E /* AMYServer Tests-Info.plist */,
				EB971429179657770005E31E /* InfoPlist.strings */,
				EB97142F179657770005E31E /* AMYServer Tests-Prefix.pch */,
			);
			name = "Supporting Files";
			sourceTree = "<group>";
		};
/* End PBXGroup section */

/* Begin PBXNativeTarget section */
		EB9713E517961CD20005E31E /* AMYServer */ = {
			isa = PBXNativeTarget;
			buildConfigurationList = EB9713F417961CD20005E31E /* Build configuration list for PBXNativeTarget "AMYServer" */;
			buildPhases = (
				E79771CA95A84C55A073E35A /* Check Pods Manifest.lock */,
				EB9713E217961CD20005E31E /* Sources */,
				EB9713E317961CD20005E31E /* Frameworks */,
				EB9713E417961CD20005E31E /* CopyFiles */,
				1EDDE62DCBCC44D0A2215756 /* Copy Pods Resources */,
			);
			buildRules = (
			);
			dependencies = (
			);
			name = AMYServer;
			productName = AMYServer;
			productReference = EB9713E617961CD20005E31E /* libAMYServer.a */;
			productType = "com.apple.product-type.library.static";
		};
		EB9713FA179657410005E31E /* Test Host */ = {
			isa = PBXNativeTarget;
			buildConfigurationList = EB971419179657410005E31E /* Build configuration list for PBXNativeTarget "Test Host" */;
			buildPhases = (
				EB9713F7179657410005E31E /* Sources */,
				EB9713F8179657410005E31E /* Frameworks */,
				EB9713F9179657410005E31E /* Resources */,
			);
			buildRules = (
			);
			dependencies = (
			);
			name = "Test Host";
			productName = "Test Host";
			productReference = EB9713FB179657410005E31E /* Test Host.app */;
			productType = "com.apple.product-type.application";
		};
		EB971420179657770005E31E /* AMYServer Tests */ = {
			isa = PBXNativeTarget;
			buildConfigurationList = EB971430179657770005E31E /* Build configuration list for PBXNativeTarget "AMYServer Tests" */;
			buildPhases = (
				F13796A2765D4387BC1B60A2 /* Check Pods Manifest.lock */,
				EB97141C179657770005E31E /* Sources */,
				EB97141D179657770005E31E /* Frameworks */,
				EB97141E179657770005E31E /* Resources */,
				EB97141F179657770005E31E /* ShellScript */,
				7ECFE7FA6EA248D68FDB004A /* Copy Pods Resources */,
			);
			buildRules = (
			);
			dependencies = (
				EB971434179658250005E31E /* PBXTargetDependency */,
			);
			name = "AMYServer Tests";
			productName = "AMYServer Tests";
			productReference = EB971421179657770005E31E /* AMYServer Tests.xctest */;
			productType = "com.apple.product-type.bundle";
		};
/* End PBXNativeTarget section */

/* Begin PBXProject section */
		EB9713DE17961CD20005E31E /* Project object */ = {
			isa = PBXProject;
			attributes = {
				LastUpgradeCheck = 0460;
				ORGANIZATIONNAME = "Brian Nickel";
			};
			buildConfigurationList = EB9713E117961CD20005E31E /* Build configuration list for PBXProject "AMYServer" */;
			compatibilityVersion = "Xcode 3.2";
			developmentRegion = English;
			hasScannedForEncodings = 0;
			knownRegions = (
				en,
			);
			mainGroup = EB9713DD17961CD20005E31E;
			productRefGroup = EB9713E717961CD20005E31E /* Products */;
			projectDirPath = "";
			projectRoot = "";
			targets = (
				EB9713E517961CD20005E31E /* AMYServer */,
				EB9713FA179657410005E31E /* Test Host */,
				EB971420179657770005E31E /* AMYServer Tests */,
			);
		};
/* End PBXProject section */

/* Begin PBXResourcesBuildPhase section */
		EB9713F9179657410005E31E /* Resources */ = {
			isa = PBXResourcesBuildPhase;
			buildActionMask = 2147483647;
			files = (
				EB971406179657410005E31E /* InfoPlist.strings in Resources */,
				EB97140E179657410005E31E /* Default.png in Resources */,
				EB971410179657410005E31E /* Default@2x.png in Resources */,
				EB971412179657410005E31E /* Default-568h@2x.png in Resources */,
				EB971415179657410005E31E /* MainStoryboard.storyboard in Resources */,
			);
			runOnlyForDeploymentPostprocessing = 0;
		};
		EB97141E179657770005E31E /* Resources */ = {
			isa = PBXResourcesBuildPhase;
			buildActionMask = 2147483647;
			files = (
				EB1D09D417AA2E7B003D3333 /* invalid-header.tail in Resources */,
				EB3F653C17A9B16200469D18 /* bad-mustache.tail in Resources */,
				EB97142B179657770005E31E /* InfoPlist.strings in Resources */,
				EB23AA7717AB62D9002B6399 /* xml.tail.defaults.json in Resources */,
				EB3F653E17A9E4AE00469D18 /* not-enough-lines.tail in Resources */,
				EB3F653A17A9B10B00469D18 /* successful-login.tail.defaults.json in Resources */,
				EBAE488417A46C680005EE19 /* successful-login.tail in Resources */,
				EB3F654017A9E4D400469D18 /* bad-json.tail in Resources */,
				EB3F654217A9E4E300469D18 /* bad-json.tail.defaults.json in Resources */,
				EB23AA7517AB6229002B6399 /* xml.tail in Resources */,
			);
			runOnlyForDeploymentPostprocessing = 0;
		};
/* End PBXResourcesBuildPhase section */

/* Begin PBXShellScriptBuildPhase section */
		1EDDE62DCBCC44D0A2215756 /* Copy Pods Resources */ = {
			isa = PBXShellScriptBuildPhase;
			buildActionMask = 2147483647;
			files = (
			);
			inputPaths = (
			);
			name = "Copy Pods Resources";
			outputPaths = (
			);
			runOnlyForDeploymentPostprocessing = 0;
			shellPath = /bin/sh;
			shellScript = "\"${SRCROOT}/Pods/Pods-resources.sh\"\n";
			showEnvVarsInLog = 0;
		};
		7ECFE7FA6EA248D68FDB004A /* Copy Pods Resources */ = {
			isa = PBXShellScriptBuildPhase;
			buildActionMask = 2147483647;
			files = (
			);
			inputPaths = (
			);
			name = "Copy Pods Resources";
			outputPaths = (
			);
			runOnlyForDeploymentPostprocessing = 0;
			shellPath = /bin/sh;
			shellScript = "\"${SRCROOT}/Pods/Pods-AMYServer Tests-resources.sh\"\n";
			showEnvVarsInLog = 0;
		};
		E79771CA95A84C55A073E35A /* Check Pods Manifest.lock */ = {
			isa = PBXShellScriptBuildPhase;
			buildActionMask = 2147483647;
			files = (
			);
			inputPaths = (
			);
			name = "Check Pods Manifest.lock";
			outputPaths = (
			);
			runOnlyForDeploymentPostprocessing = 0;
			shellPath = /bin/sh;
			shellScript = "diff \"${PODS_ROOT}/../Podfile.lock\" \"${PODS_ROOT}/Manifest.lock\" > /dev/null\nif [[ $? != 0 ]] ; then\n    cat << EOM\nerror: The sandbox is not in sync with the Podfile.lock. Run 'pod install' or update your CocoaPods installation.\nEOM\n    exit 1\nfi\n";
			showEnvVarsInLog = 0;
		};
		EB97141F179657770005E31E /* ShellScript */ = {
			isa = PBXShellScriptBuildPhase;
			buildActionMask = 2147483647;
			files = (
			);
			inputPaths = (
			);
			outputPaths = (
			);
			runOnlyForDeploymentPostprocessing = 0;
			shellPath = /bin/sh;
			shellScript = "# Run the unit tests in this test bundle.\n\"${SYSTEM_DEVELOPER_DIR}/Tools/RunUnitTests\"\n";
		};
		F13796A2765D4387BC1B60A2 /* Check Pods Manifest.lock */ = {
			isa = PBXShellScriptBuildPhase;
			buildActionMask = 2147483647;
			files = (
			);
			inputPaths = (
			);
			name = "Check Pods Manifest.lock";
			outputPaths = (
			);
			runOnlyForDeploymentPostprocessing = 0;
			shellPath = /bin/sh;
			shellScript = "diff \"${PODS_ROOT}/../Podfile.lock\" \"${PODS_ROOT}/Manifest.lock\" > /dev/null\nif [[ $? != 0 ]] ; then\n    cat << EOM\nerror: The sandbox is not in sync with the Podfile.lock. Run 'pod install' or update your CocoaPods installation.\nEOM\n    exit 1\nfi\n";
			showEnvVarsInLog = 0;
		};
/* End PBXShellScriptBuildPhase section */

/* Begin PBXSourcesBuildPhase section */
		EB9713E217961CD20005E31E /* Sources */ = {
			isa = PBXSourcesBuildPhase;
			buildActionMask = 2147483647;
			files = (
				EB283E3B17A6317000883DEC /* _AMYMocktailResponse.m in Sources */,
				EB9713F117961CD20005E31E /* AMYServer.m in Sources */,
				EB97143717965CC70005E31E /* AMYRequest.m in Sources */,
				EB97143A179660B10005E31E /* _AMYURLProtocol.m in Sources */,
			);
			runOnlyForDeploymentPostprocessing = 0;
		};
		EB9713F7179657410005E31E /* Sources */ = {
			isa = PBXSourcesBuildPhase;
			buildActionMask = 2147483647;
			files = (
				EB971408179657410005E31E /* main.m in Sources */,
				EB97140C179657410005E31E /* AppDelegate.m in Sources */,
				EB971418179657410005E31E /* ViewController.m in Sources */,
			);
			runOnlyForDeploymentPostprocessing = 0;
		};
		EB97141C179657770005E31E /* Sources */ = {
			isa = PBXSourcesBuildPhase;
			buildActionMask = 2147483647;
			files = (
				EB283E3C17A6317000883DEC /* _AMYMocktailResponse.m in Sources */,
				EB97143D17966E740005E31E /* AMYServerTests.m in Sources */,
				EB97143F1796706D0005E31E /* AMYServer.m in Sources */,
				EB9714401796706D0005E31E /* AMYRequest.m in Sources */,
				EB23AA7317AB61F1002B6399 /* AMYMocktailResponseTests.m in Sources */,
				EB9714411796706D0005E31E /* _AMYURLProtocol.m in Sources */,
				EB971444179BAD210005E31E /* ExampleServer.m in Sources */,
			);
			runOnlyForDeploymentPostprocessing = 0;
		};
/* End PBXSourcesBuildPhase section */

/* Begin PBXTargetDependency section */
		EB971434179658250005E31E /* PBXTargetDependency */ = {
			isa = PBXTargetDependency;
			target = EB9713FA179657410005E31E /* Test Host */;
			targetProxy = EB971433179658250005E31E /* PBXContainerItemProxy */;
		};
/* End PBXTargetDependency section */

/* Begin PBXVariantGroup section */
		EB971404179657410005E31E /* InfoPlist.strings */ = {
			isa = PBXVariantGroup;
			children = (
				EB971405179657410005E31E /* en */,
			);
			name = InfoPlist.strings;
			sourceTree = "<group>";
		};
		EB971413179657410005E31E /* MainStoryboard.storyboard */ = {
			isa = PBXVariantGroup;
			children = (
				EB971414179657410005E31E /* en */,
			);
			name = MainStoryboard.storyboard;
			sourceTree = "<group>";
		};
		EB971429179657770005E31E /* InfoPlist.strings */ = {
			isa = PBXVariantGroup;
			children = (
				EB97142A179657770005E31E /* en */,
			);
			name = InfoPlist.strings;
			sourceTree = "<group>";
		};
/* End PBXVariantGroup section */

/* Begin XCBuildConfiguration section */
		EB9713F217961CD20005E31E /* Debug */ = {
			isa = XCBuildConfiguration;
			buildSettings = {
				ALWAYS_SEARCH_USER_PATHS = NO;
				CLANG_CXX_LANGUAGE_STANDARD = "gnu++0x";
				CLANG_CXX_LIBRARY = "libc++";
				CLANG_ENABLE_OBJC_ARC = YES;
				CLANG_WARN_CONSTANT_CONVERSION = YES;
				CLANG_WARN_EMPTY_BODY = YES;
				CLANG_WARN_ENUM_CONVERSION = YES;
				CLANG_WARN_INT_CONVERSION = YES;
				CLANG_WARN__DUPLICATE_METHOD_MATCH = YES;
				COPY_PHASE_STRIP = NO;
				GCC_C_LANGUAGE_STANDARD = gnu99;
				GCC_DYNAMIC_NO_PIC = NO;
				GCC_OPTIMIZATION_LEVEL = 0;
				GCC_PREPROCESSOR_DEFINITIONS = (
					"DEBUG=1",
					"$(inherited)",
				);
				GCC_SYMBOLS_PRIVATE_EXTERN = NO;
				GCC_WARN_ABOUT_RETURN_TYPE = YES;
				GCC_WARN_UNINITIALIZED_AUTOS = YES;
				GCC_WARN_UNUSED_VARIABLE = YES;
				IPHONEOS_DEPLOYMENT_TARGET = 6.1;
				ONLY_ACTIVE_ARCH = YES;
				SDKROOT = iphoneos;
			};
			name = Debug;
		};
		EB9713F317961CD20005E31E /* Release */ = {
			isa = XCBuildConfiguration;
			buildSettings = {
				ALWAYS_SEARCH_USER_PATHS = NO;
				CLANG_CXX_LANGUAGE_STANDARD = "gnu++0x";
				CLANG_CXX_LIBRARY = "libc++";
				CLANG_ENABLE_OBJC_ARC = YES;
				CLANG_WARN_CONSTANT_CONVERSION = YES;
				CLANG_WARN_EMPTY_BODY = YES;
				CLANG_WARN_ENUM_CONVERSION = YES;
				CLANG_WARN_INT_CONVERSION = YES;
				CLANG_WARN__DUPLICATE_METHOD_MATCH = YES;
				COPY_PHASE_STRIP = YES;
				GCC_C_LANGUAGE_STANDARD = gnu99;
				GCC_WARN_ABOUT_RETURN_TYPE = YES;
				GCC_WARN_UNINITIALIZED_AUTOS = YES;
				GCC_WARN_UNUSED_VARIABLE = YES;
				IPHONEOS_DEPLOYMENT_TARGET = 6.1;
				SDKROOT = iphoneos;
				VALIDATE_PRODUCT = YES;
			};
			name = Release;
		};
		EB9713F517961CD20005E31E /* Debug */ = {
			isa = XCBuildConfiguration;
			baseConfigurationReference = 660DAD8CDF4041B6ADB992C7 /* Pods.xcconfig */;
			buildSettings = {
				DSTROOT = /tmp/AMYServer.dst;
				GCC_PRECOMPILE_PREFIX_HEADER = YES;
				GCC_PREFIX_HEADER = "AMYServer/AMYServer-Prefix.pch";
				OTHER_LDFLAGS = (
					"$(inherited)",
					"-ObjC",
				);
				PRODUCT_NAME = "$(TARGET_NAME)";
				SKIP_INSTALL = YES;
			};
			name = Debug;
		};
		EB9713F617961CD20005E31E /* Release */ = {
			isa = XCBuildConfiguration;
			baseConfigurationReference = 660DAD8CDF4041B6ADB992C7 /* Pods.xcconfig */;
			buildSettings = {
				DSTROOT = /tmp/AMYServer.dst;
				GCC_PRECOMPILE_PREFIX_HEADER = YES;
				GCC_PREFIX_HEADER = "AMYServer/AMYServer-Prefix.pch";
				OTHER_LDFLAGS = (
					"$(inherited)",
					"-ObjC",
				);
				PRODUCT_NAME = "$(TARGET_NAME)";
				SKIP_INSTALL = YES;
			};
			name = Release;
		};
		EB97141A179657410005E31E /* Debug */ = {
			isa = XCBuildConfiguration;
			buildSettings = {
				"CODE_SIGN_IDENTITY[sdk=iphoneos*]" = "iPhone Developer";
				GCC_PRECOMPILE_PREFIX_HEADER = YES;
				GCC_PREFIX_HEADER = "Test Host/Test Host-Prefix.pch";
				INFOPLIST_FILE = "Test Host/Test Host-Info.plist";
				PRODUCT_NAME = "$(TARGET_NAME)";
				WRAPPER_EXTENSION = app;
			};
			name = Debug;
		};
		EB97141B179657410005E31E /* Release */ = {
			isa = XCBuildConfiguration;
			buildSettings = {
				"CODE_SIGN_IDENTITY[sdk=iphoneos*]" = "iPhone Developer";
				GCC_PRECOMPILE_PREFIX_HEADER = YES;
				GCC_PREFIX_HEADER = "Test Host/Test Host-Prefix.pch";
				INFOPLIST_FILE = "Test Host/Test Host-Info.plist";
				OTHER_CFLAGS = "-DNS_BLOCK_ASSERTIONS=1";
				PRODUCT_NAME = "$(TARGET_NAME)";
				WRAPPER_EXTENSION = app;
			};
			name = Release;
		};
		EB971431179657770005E31E /* Debug */ = {
			isa = XCBuildConfiguration;
			baseConfigurationReference = 11F29E78EBF54D7DB567C2F0 /* Pods-AMYServer Tests.xcconfig */;
			buildSettings = {
				BUNDLE_LOADER = "$(BUILT_PRODUCTS_DIR)/Test Host.app/Test Host";
				GCC_PRECOMPILE_PREFIX_HEADER = YES;
				GCC_PREFIX_HEADER = "AMYServer Tests/AMYServer Tests-Prefix.pch";
				INFOPLIST_FILE = "AMYServer Tests/AMYServer Tests-Info.plist";
				PRODUCT_NAME = "$(TARGET_NAME)";
				TEST_HOST = "$(BUNDLE_LOADER)";
				WRAPPER_EXTENSION = xctest;
			};
			name = Debug;
		};
		EB971432179657770005E31E /* Release */ = {
			isa = XCBuildConfiguration;
			baseConfigurationReference = 11F29E78EBF54D7DB567C2F0 /* Pods-AMYServer Tests.xcconfig */;
			buildSettings = {
				BUNDLE_LOADER = "$(BUILT_PRODUCTS_DIR)/Test Host.app/Test Host";
				GCC_PRECOMPILE_PREFIX_HEADER = YES;
				GCC_PREFIX_HEADER = "AMYServer Tests/AMYServer Tests-Prefix.pch";
				INFOPLIST_FILE = "AMYServer Tests/AMYServer Tests-Info.plist";
				PRODUCT_NAME = "$(TARGET_NAME)";
				TEST_HOST = "$(BUNDLE_LOADER)";
				WRAPPER_EXTENSION = xctest;
			};
			name = Release;
		};
/* End XCBuildConfiguration section */

/* Begin XCConfigurationList section */
		EB9713E117961CD20005E31E /* Build configuration list for PBXProject "AMYServer" */ = {
			isa = XCConfigurationList;
			buildConfigurations = (
				EB9713F217961CD20005E31E /* Debug */,
				EB9713F317961CD20005E31E /* Release */,
			);
			defaultConfigurationIsVisible = 0;
			defaultConfigurationName = Release;
		};
		EB9713F417961CD20005E31E /* Build configuration list for PBXNativeTarget "AMYServer" */ = {
			isa = XCConfigurationList;
			buildConfigurations = (
				EB9713F517961CD20005E31E /* Debug */,
				EB9713F617961CD20005E31E /* Release */,
			);
			defaultConfigurationIsVisible = 0;
			defaultConfigurationName = Release;
		};
		EB971419179657410005E31E /* Build configuration list for PBXNativeTarget "Test Host" */ = {
			isa = XCConfigurationList;
			buildConfigurations = (
				EB97141A179657410005E31E /* Debug */,
				EB97141B179657410005E31E /* Release */,
			);
			defaultConfigurationIsVisible = 0;
			defaultConfigurationName = Release;
		};
		EB971430179657770005E31E /* Build configuration list for PBXNativeTarget "AMYServer Tests" */ = {
			isa = XCConfigurationList;
			buildConfigurations = (
				EB971431179657770005E31E /* Debug */,
				EB971432179657770005E31E /* Release */,
			);
			defaultConfigurationIsVisible = 0;
			defaultConfigurationName = Release;
		};
/* End XCConfigurationList section */
	};
	rootObject = EB9713DE17961CD20005E31E /* Project object */;
}
